
Microsoft Visual Studio Solution File, Format Version 12.00
# Visual Studio Version 16
VisualStudioVersion = 16.0.29806.167
MinimumVisualStudioVersion = 10.0.40219.1
Project("{9A19103F-16F7-4668-BE54-9A1E7A4F7556}") = "TheLudoGameEngine", "TheLudoGameEngine\TheLudoGameEngine.csproj", "{8441DEC6-C892-4DA5-9C62-A0570ABC84E9}"
EndProject
Project("{9A19103F-16F7-4668-BE54-9A1E7A4F7556}") = "TheLudoGameApp", "TheLudoGameApp\TheLudoGameApp.csproj", "{1A0A96C1-04FE-4572-884C-ECD2FAF0E7C4}"
EndProject
Project("{9A19103F-16F7-4668-BE54-9A1E7A4F7556}") = "TheLudoGameXTest", "TheLudoGameXTest\TheLudoGameXTest.csproj", "{6B46CD89-2B34-4D32-B270-0F33A1BBAB7F}"
EndProject
Project("{FAE04EC0-301F-11D3-BF4B-00C04F79EFBC}") = "XUnitIntergrationTest", "XUnitIntergrationTest\XUnitIntergrationTest.csproj", "{D6353C07-4CE9-473D-9BDB-B5B32274FFFD}"
EndProject
Global
	GlobalSection(SolutionConfigurationPlatforms) = preSolution
		Debug|Any CPU = Debug|Any CPU
		Release|Any CPU = Release|Any CPU
	EndGlobalSection
	GlobalSection(ProjectConfigurationPlatforms) = postSolution
		{8441DEC6-C892-4DA5-9C62-A0570ABC84E9}.Debug|Any CPU.ActiveCfg = Debug|Any CPU
		{8441DEC6-C892-4DA5-9C62-A0570ABC84E9}.Debug|Any CPU.Build.0 = Debug|Any CPU
		{8441DEC6-C892-4DA5-9C62-A0570ABC84E9}.Release|Any CPU.ActiveCfg = Release|Any CPU
		{8441DEC6-C892-4DA5-9C62-A0570ABC84E9}.Release|Any CPU.Build.0 = Release|Any CPU
		{1A0A96C1-04FE-4572-884C-ECD2FAF0E7C4}.Debug|Any CPU.ActiveCfg = Debug|Any CPU
		{1A0A96C1-04FE-4572-884C-ECD2FAF0E7C4}.Debug|Any CPU.Build.0 = Debug|Any CPU
		{1A0A96C1-04FE-4572-884C-ECD2FAF0E7C4}.Release|Any CPU.ActiveCfg = Release|Any CPU
		{1A0A96C1-04FE-4572-884C-ECD2FAF0E7C4}.Release|Any CPU.Build.0 = Release|Any CPU
		{6B46CD89-2B34-4D32-B270-0F33A1BBAB7F}.Debug|Any CPU.ActiveCfg = Debug|Any CPU
		{6B46CD89-2B34-4D32-B270-0F33A1BBAB7F}.Debug|Any CPU.Build.0 = Debug|Any CPU
		{6B46CD89-2B34-4D32-B270-0F33A1BBAB7F}.Release|Any CPU.ActiveCfg = Release|Any CPU
		{6B46CD89-2B34-4D32-B270-0F33A1BBAB7F}.Release|Any CPU.Build.0 = Release|Any CPU
		{D6353C07-4CE9-473D-9BDB-B5B32274FFFD}.Debug|Any CPU.ActiveCfg = Debug|Any CPU
		{D6353C07-4CE9-473D-9BDB-B5B32274FFFD}.Debug|Any CPU.Build.0 = Debug|Any CPU
		{D6353C07-4CE9-473D-9BDB-B5B32274FFFD}.Release|Any CPU.ActiveCfg = Release|Any CPU
		{D6353C07-4CE9-473D-9BDB-B5B32274FFFD}.Release|Any CPU.Build.0 = Release|Any CPU
	EndGlobalSection
	GlobalSection(SolutionProperties) = preSolution
		HideSolutionNode = FALSE
	EndGlobalSection
	GlobalSection(ExtensibilityGlobals) = postSolution
		SolutionGuid = {795378BC-AEDA-4B38-B52C-F7EE2E5A3704}
	EndGlobalSection
EndGlobal
